
Microsoft Visual Studio Solution File, Format Version 12.00
# Visual Studio Version 17
VisualStudioVersion = 17.2.32526.322
MinimumVisualStudioVersion = 10.0.40219.1
Project("{FAE04EC0-301F-11D3-BF4B-00C04F79EFBC}") = "ProjectAlta", "ProjectAlta\ProjectAlta.csproj", "{A46C1615-A16B-4557-ABC4-E8107D40462A}"
EndProject
Global
	GlobalSection(SolutionConfigurationPlatforms) = preSolution
		Debug|Any CPU = Debug|Any CPU
		Release|Any CPU = Release|Any CPU
	EndGlobalSection
	GlobalSection(ProjectConfigurationPlatforms) = postSolution
		{A46C1615-A16B-4557-ABC4-E8107D40462A}.Debug|Any CPU.ActiveCfg = Debug|Any CPU
		{A46C1615-A16B-4557-ABC4-E8107D40462A}.Debug|Any CPU.Build.0 = Debug|Any CPU
		{A46C1615-A16B-4557-ABC4-E8107D40462A}.Release|Any CPU.ActiveCfg = Release|Any CPU
		{A46C1615-A16B-4557-ABC4-E8107D40462A}.Release|Any CPU.Build.0 = Release|Any CPU
	EndGlobalSection
	GlobalSection(SolutionProperties) = preSolution
		HideSolutionNode = FALSE
	EndGlobalSection
	GlobalSection(ExtensibilityGlobals) = postSolution
		SolutionGuid = {237C9201-DF6E-4D46-82CD-5EE030B2A021}
	EndGlobalSection
EndGlobal
