
Microsoft Visual Studio Solution File, Format Version 12.00
# Visual Studio Version 17
VisualStudioVersion = 17.1.32421.90
MinimumVisualStudioVersion = 10.0.40219.1
Project("{9A19103F-16F7-4668-BE54-9A1E7A4F7556}") = "AltaProject01", "AltaProject01\AltaProject01.csproj", "{E44EA6AE-3189-452C-BA3E-EA8AAA54642B}"
EndProject
Project("{2150E333-8FDC-42A3-9474-1A3956D46DE8}") = "Data", "Data", "{60CD5056-5C98-43EF-A4DE-7154D2CFD7E7}"
EndProject
Project("{9A19103F-16F7-4668-BE54-9A1E7A4F7556}") = "DataLib", "DataLib\DataLib.csproj", "{5BD862E9-E27D-44D6-8075-958331573CD8}"
EndProject
Global
	GlobalSection(SolutionConfigurationPlatforms) = preSolution
		Debug|Any CPU = Debug|Any CPU
		Release|Any CPU = Release|Any CPU
	EndGlobalSection
	GlobalSection(ProjectConfigurationPlatforms) = postSolution
		{E44EA6AE-3189-452C-BA3E-EA8AAA54642B}.Debug|Any CPU.ActiveCfg = Debug|Any CPU
		{E44EA6AE-3189-452C-BA3E-EA8AAA54642B}.Debug|Any CPU.Build.0 = Debug|Any CPU
		{E44EA6AE-3189-452C-BA3E-EA8AAA54642B}.Release|Any CPU.ActiveCfg = Release|Any CPU
		{E44EA6AE-3189-452C-BA3E-EA8AAA54642B}.Release|Any CPU.Build.0 = Release|Any CPU
		{5BD862E9-E27D-44D6-8075-958331573CD8}.Debug|Any CPU.ActiveCfg = Debug|Any CPU
		{5BD862E9-E27D-44D6-8075-958331573CD8}.Debug|Any CPU.Build.0 = Debug|Any CPU
		{5BD862E9-E27D-44D6-8075-958331573CD8}.Release|Any CPU.ActiveCfg = Release|Any CPU
		{5BD862E9-E27D-44D6-8075-958331573CD8}.Release|Any CPU.Build.0 = Release|Any CPU
	EndGlobalSection
	GlobalSection(SolutionProperties) = preSolution
		HideSolutionNode = FALSE
	EndGlobalSection
	GlobalSection(NestedProjects) = preSolution
		{5BD862E9-E27D-44D6-8075-958331573CD8} = {60CD5056-5C98-43EF-A4DE-7154D2CFD7E7}
	EndGlobalSection
	GlobalSection(ExtensibilityGlobals) = postSolution
		SolutionGuid = {20870C2A-EC94-4518-8FEC-81E4768AA9D0}
	EndGlobalSection
EndGlobal
